// !$*UTF8*$!
{
	archiveVersion = 1;
	classes = {
	};
	objectVersion = 56;
	objects = {

/* Begin PBXBuildFile section */
		DB5098DB29A388DA0058FCCB /* PlanechaseApp.swift in Sources */ = {isa = PBXBuildFile; fileRef = DB5098DA29A388DA0058FCCB /* PlanechaseApp.swift */; };
		DB5098DD29A388DA0058FCCB /* ContentManagerView.swift in Sources */ = {isa = PBXBuildFile; fileRef = DB5098DC29A388DA0058FCCB /* ContentManagerView.swift */; };
		DB5098DF29A388DE0058FCCB /* Assets.xcassets in Resources */ = {isa = PBXBuildFile; fileRef = DB5098DE29A388DE0058FCCB /* Assets.xcassets */; };
		DB5098E229A388DE0058FCCB /* Preview Assets.xcassets in Resources */ = {isa = PBXBuildFile; fileRef = DB5098E129A388DE0058FCCB /* Preview Assets.xcassets */; };
		DB5098E929A392880058FCCB /* Extensions.swift in Sources */ = {isa = PBXBuildFile; fileRef = DB5098E829A392880058FCCB /* Extensions.swift */; };
		DB5098EC29A3940B0058FCCB /* Card.swift in Sources */ = {isa = PBXBuildFile; fileRef = DB5098EB29A3940B0058FCCB /* Card.swift */; };
		DB5098EF29A39D880058FCCB /* ContentManagerViewModel.swift in Sources */ = {isa = PBXBuildFile; fileRef = DB5098EE29A39D880058FCCB /* ContentManagerViewModel.swift */; };
		DB5098F129A39F300058FCCB /* ContentManagerViewModel+Scryfall.swift in Sources */ = {isa = PBXBuildFile; fileRef = DB5098F029A39F300058FCCB /* ContentManagerViewModel+Scryfall.swift */; };
		DB5098F929A3A1880058FCCB /* PlanechaseTests.swift in Sources */ = {isa = PBXBuildFile; fileRef = DB5098F829A3A1880058FCCB /* PlanechaseTests.swift */; };
		DBA02CEC29A3B6A2004E94BC /* DownloadManager.swift in Sources */ = {isa = PBXBuildFile; fileRef = DBA02CEB29A3B6A2004E94BC /* DownloadManager.swift */; };
		DBA02CEE29A3E886004E94BC /* SaveManager.swift in Sources */ = {isa = PBXBuildFile; fileRef = DBA02CED29A3E886004E94BC /* SaveManager.swift */; };
		DBA02CF129A419D1004E94BC /* MainMenuView.swift in Sources */ = {isa = PBXBuildFile; fileRef = DBA02CF029A419D1004E94BC /* MainMenuView.swift */; };
		DBA02CF329A41BB7004E94BC /* GameView.swift in Sources */ = {isa = PBXBuildFile; fileRef = DBA02CF229A41BB7004E94BC /* GameView.swift */; };
		DBA02CF529A4CC4A004E94BC /* GameViewModel.swift in Sources */ = {isa = PBXBuildFile; fileRef = DBA02CF429A4CC4A004E94BC /* GameViewModel.swift */; };
		DBA02CF729A4FDB8004E94BC /* Coord.swift in Sources */ = {isa = PBXBuildFile; fileRef = DBA02CF629A4FDB8004E94BC /* Coord.swift */; };
		DBA02CFB29A4FFA7004E94BC /* GameView+SmallViews.swift in Sources */ = {isa = PBXBuildFile; fileRef = DBA02CFA29A4FFA7004E94BC /* GameView+SmallViews.swift */; };
		DBA02CFE29A50500004E94BC /* ZoomView.swift in Sources */ = {isa = PBXBuildFile; fileRef = DBA02CFD29A50500004E94BC /* ZoomView.swift */; };
		DBA02D0029A61E42004E94BC /* Card+Size.swift in Sources */ = {isa = PBXBuildFile; fileRef = DBA02CFF29A61E42004E94BC /* Card+Size.swift */; };
/* End PBXBuildFile section */

/* Begin PBXContainerItemProxy section */
		DB5098FA29A3A1880058FCCB /* PBXContainerItemProxy */ = {
			isa = PBXContainerItemProxy;
			containerPortal = DB5098CF29A388DA0058FCCB /* Project object */;
			proxyType = 1;
			remoteGlobalIDString = DB5098D629A388DA0058FCCB;
			remoteInfo = Planechase;
		};
/* End PBXContainerItemProxy section */

/* Begin PBXFileReference section */
		DB5098D729A388DA0058FCCB /* Planechase.app */ = {isa = PBXFileReference; explicitFileType = wrapper.application; includeInIndex = 0; path = Planechase.app; sourceTree = BUILT_PRODUCTS_DIR; };
		DB5098DA29A388DA0058FCCB /* PlanechaseApp.swift */ = {isa = PBXFileReference; lastKnownFileType = sourcecode.swift; path = PlanechaseApp.swift; sourceTree = "<group>"; };
		DB5098DC29A388DA0058FCCB /* ContentManagerView.swift */ = {isa = PBXFileReference; lastKnownFileType = sourcecode.swift; path = ContentManagerView.swift; sourceTree = "<group>"; };
		DB5098DE29A388DE0058FCCB /* Assets.xcassets */ = {isa = PBXFileReference; lastKnownFileType = folder.assetcatalog; path = Assets.xcassets; sourceTree = "<group>"; };
		DB5098E129A388DE0058FCCB /* Preview Assets.xcassets */ = {isa = PBXFileReference; lastKnownFileType = folder.assetcatalog; path = "Preview Assets.xcassets"; sourceTree = "<group>"; };
		DB5098E829A392880058FCCB /* Extensions.swift */ = {isa = PBXFileReference; lastKnownFileType = sourcecode.swift; path = Extensions.swift; sourceTree = "<group>"; };
		DB5098EB29A3940B0058FCCB /* Card.swift */ = {isa = PBXFileReference; lastKnownFileType = sourcecode.swift; path = Card.swift; sourceTree = "<group>"; };
		DB5098EE29A39D880058FCCB /* ContentManagerViewModel.swift */ = {isa = PBXFileReference; lastKnownFileType = sourcecode.swift; path = ContentManagerViewModel.swift; sourceTree = "<group>"; };
		DB5098F029A39F300058FCCB /* ContentManagerViewModel+Scryfall.swift */ = {isa = PBXFileReference; lastKnownFileType = sourcecode.swift; path = "ContentManagerViewModel+Scryfall.swift"; sourceTree = "<group>"; };
		DB5098F629A3A1880058FCCB /* PlanechaseTests.xctest */ = {isa = PBXFileReference; explicitFileType = wrapper.cfbundle; includeInIndex = 0; path = PlanechaseTests.xctest; sourceTree = BUILT_PRODUCTS_DIR; };
		DB5098F829A3A1880058FCCB /* PlanechaseTests.swift */ = {isa = PBXFileReference; lastKnownFileType = sourcecode.swift; path = PlanechaseTests.swift; sourceTree = "<group>"; };
		DBA02CEB29A3B6A2004E94BC /* DownloadManager.swift */ = {isa = PBXFileReference; lastKnownFileType = sourcecode.swift; path = DownloadManager.swift; sourceTree = "<group>"; };
		DBA02CED29A3E886004E94BC /* SaveManager.swift */ = {isa = PBXFileReference; lastKnownFileType = sourcecode.swift; path = SaveManager.swift; sourceTree = "<group>"; };
		DBA02CF029A419D1004E94BC /* MainMenuView.swift */ = {isa = PBXFileReference; lastKnownFileType = sourcecode.swift; path = MainMenuView.swift; sourceTree = "<group>"; };
		DBA02CF229A41BB7004E94BC /* GameView.swift */ = {isa = PBXFileReference; lastKnownFileType = sourcecode.swift; path = GameView.swift; sourceTree = "<group>"; };
		DBA02CF429A4CC4A004E94BC /* GameViewModel.swift */ = {isa = PBXFileReference; lastKnownFileType = sourcecode.swift; path = GameViewModel.swift; sourceTree = "<group>"; };
		DBA02CF629A4FDB8004E94BC /* Coord.swift */ = {isa = PBXFileReference; lastKnownFileType = sourcecode.swift; path = Coord.swift; sourceTree = "<group>"; };
		DBA02CFA29A4FFA7004E94BC /* GameView+SmallViews.swift */ = {isa = PBXFileReference; lastKnownFileType = sourcecode.swift; path = "GameView+SmallViews.swift"; sourceTree = "<group>"; };
		DBA02CFD29A50500004E94BC /* ZoomView.swift */ = {isa = PBXFileReference; lastKnownFileType = sourcecode.swift; path = ZoomView.swift; sourceTree = "<group>"; };
		DBA02CFF29A61E42004E94BC /* Card+Size.swift */ = {isa = PBXFileReference; lastKnownFileType = sourcecode.swift; path = "Card+Size.swift"; sourceTree = "<group>"; };
/* End PBXFileReference section */

/* Begin PBXFrameworksBuildPhase section */
		DB5098D429A388DA0058FCCB /* Frameworks */ = {
			isa = PBXFrameworksBuildPhase;
			buildActionMask = 2147483647;
			files = (
			);
			runOnlyForDeploymentPostprocessing = 0;
		};
		DB5098F329A3A1880058FCCB /* Frameworks */ = {
			isa = PBXFrameworksBuildPhase;
			buildActionMask = 2147483647;
			files = (
			);
			runOnlyForDeploymentPostprocessing = 0;
		};
/* End PBXFrameworksBuildPhase section */

/* Begin PBXGroup section */
		DB5098CE29A388DA0058FCCB = {
			isa = PBXGroup;
			children = (
				DB5098D929A388DA0058FCCB /* Planechase */,
				DB5098F729A3A1880058FCCB /* PlanechaseTests */,
				DB5098D829A388DA0058FCCB /* Products */,
			);
			sourceTree = "<group>";
		};
		DB5098D829A388DA0058FCCB /* Products */ = {
			isa = PBXGroup;
			children = (
				DB5098D729A388DA0058FCCB /* Planechase.app */,
				DB5098F629A3A1880058FCCB /* PlanechaseTests.xctest */,
			);
			name = Products;
			sourceTree = "<group>";
		};
		DB5098D929A388DA0058FCCB /* Planechase */ = {
			isa = PBXGroup;
			children = (
				DBA02CFC29A504E6004E94BC /* GameView */,
				DBA02CF429A4CC4A004E94BC /* GameViewModel.swift */,
				DBA02CEF29A419BA004E94BC /* View */,
				DB5098ED29A39D730058FCCB /* ContentManager */,
				DB5098EA29A393F70058FCCB /* Commons */,
				DB5098DE29A388DE0058FCCB /* Assets.xcassets */,
				DB5098E029A388DE0058FCCB /* Preview Content */,
				DBA02CEB29A3B6A2004E94BC /* DownloadManager.swift */,
			);
			path = Planechase;
			sourceTree = "<group>";
		};
		DB5098E029A388DE0058FCCB /* Preview Content */ = {
			isa = PBXGroup;
			children = (
				DB5098E129A388DE0058FCCB /* Preview Assets.xcassets */,
			);
			path = "Preview Content";
			sourceTree = "<group>";
		};
		DB5098EA29A393F70058FCCB /* Commons */ = {
			isa = PBXGroup;
			children = (
				DB5098E829A392880058FCCB /* Extensions.swift */,
				DB5098EB29A3940B0058FCCB /* Card.swift */,
				DBA02CF629A4FDB8004E94BC /* Coord.swift */,
				DBA02CFF29A61E42004E94BC /* Card+Size.swift */,
			);
			path = Commons;
			sourceTree = "<group>";
		};
		DB5098ED29A39D730058FCCB /* ContentManager */ = {
			isa = PBXGroup;
			children = (
				DB5098DC29A388DA0058FCCB /* ContentManagerView.swift */,
				DB5098EE29A39D880058FCCB /* ContentManagerViewModel.swift */,
				DB5098F029A39F300058FCCB /* ContentManagerViewModel+Scryfall.swift */,
				DBA02CED29A3E886004E94BC /* SaveManager.swift */,
			);
			path = ContentManager;
			sourceTree = "<group>";
		};
		DB5098F729A3A1880058FCCB /* PlanechaseTests */ = {
			isa = PBXGroup;
			children = (
				DB5098F829A3A1880058FCCB /* PlanechaseTests.swift */,
			);
			path = PlanechaseTests;
			sourceTree = "<group>";
		};
		DBA02CEF29A419BA004E94BC /* View */ = {
			isa = PBXGroup;
			children = (
				DB5098DA29A388DA0058FCCB /* PlanechaseApp.swift */,
				DBA02CF029A419D1004E94BC /* MainMenuView.swift */,
			);
			path = View;
			sourceTree = "<group>";
		};
		DBA02CFC29A504E6004E94BC /* GameView */ = {
			isa = PBXGroup;
			children = (
				DBA02CF229A41BB7004E94BC /* GameView.swift */,
				DBA02CFA29A4FFA7004E94BC /* GameView+SmallViews.swift */,
				DBA02CFD29A50500004E94BC /* ZoomView.swift */,
			);
			path = GameView;
			sourceTree = "<group>";
		};
/* End PBXGroup section */

/* Begin PBXNativeTarget section */
		DB5098D629A388DA0058FCCB /* Planechase */ = {
			isa = PBXNativeTarget;
			buildConfigurationList = DB5098E529A388DE0058FCCB /* Build configuration list for PBXNativeTarget "Planechase" */;
			buildPhases = (
				DB5098D329A388DA0058FCCB /* Sources */,
				DB5098D429A388DA0058FCCB /* Frameworks */,
				DB5098D529A388DA0058FCCB /* Resources */,
			);
			buildRules = (
			);
			dependencies = (
			);
			name = Planechase;
			productName = Planechase;
			productReference = DB5098D729A388DA0058FCCB /* Planechase.app */;
			productType = "com.apple.product-type.application";
		};
		DB5098F529A3A1880058FCCB /* PlanechaseTests */ = {
			isa = PBXNativeTarget;
			buildConfigurationList = DB5098FC29A3A1880058FCCB /* Build configuration list for PBXNativeTarget "PlanechaseTests" */;
			buildPhases = (
				DB5098F229A3A1880058FCCB /* Sources */,
				DB5098F329A3A1880058FCCB /* Frameworks */,
				DB5098F429A3A1880058FCCB /* Resources */,
			);
			buildRules = (
			);
			dependencies = (
				DB5098FB29A3A1880058FCCB /* PBXTargetDependency */,
			);
			name = PlanechaseTests;
			productName = PlanechaseTests;
			productReference = DB5098F629A3A1880058FCCB /* PlanechaseTests.xctest */;
			productType = "com.apple.product-type.bundle.unit-test";
		};
/* End PBXNativeTarget section */

/* Begin PBXProject section */
		DB5098CF29A388DA0058FCCB /* Project object */ = {
			isa = PBXProject;
			attributes = {
				BuildIndependentTargetsInParallel = 1;
				LastSwiftUpdateCheck = 1410;
				LastUpgradeCheck = 1410;
				TargetAttributes = {
					DB5098D629A388DA0058FCCB = {
						CreatedOnToolsVersion = 14.1;
					};
					DB5098F529A3A1880058FCCB = {
						CreatedOnToolsVersion = 14.1;
						TestTargetID = DB5098D629A388DA0058FCCB;
					};
				};
			};
			buildConfigurationList = DB5098D229A388DA0058FCCB /* Build configuration list for PBXProject "Planechase" */;
			compatibilityVersion = "Xcode 14.0";
			developmentRegion = en;
			hasScannedForEncodings = 0;
			knownRegions = (
				en,
				Base,
			);
			mainGroup = DB5098CE29A388DA0058FCCB;
			productRefGroup = DB5098D829A388DA0058FCCB /* Products */;
			projectDirPath = "";
			projectRoot = "";
			targets = (
				DB5098D629A388DA0058FCCB /* Planechase */,
				DB5098F529A3A1880058FCCB /* PlanechaseTests */,
			);
		};
/* End PBXProject section */

/* Begin PBXResourcesBuildPhase section */
		DB5098D529A388DA0058FCCB /* Resources */ = {
			isa = PBXResourcesBuildPhase;
			buildActionMask = 2147483647;
			files = (
				DB5098E229A388DE0058FCCB /* Preview Assets.xcassets in Resources */,
				DB5098DF29A388DE0058FCCB /* Assets.xcassets in Resources */,
			);
			runOnlyForDeploymentPostprocessing = 0;
		};
		DB5098F429A3A1880058FCCB /* Resources */ = {
			isa = PBXResourcesBuildPhase;
			buildActionMask = 2147483647;
			files = (
			);
			runOnlyForDeploymentPostprocessing = 0;
		};
/* End PBXResourcesBuildPhase section */

/* Begin PBXSourcesBuildPhase section */
		DB5098D329A388DA0058FCCB /* Sources */ = {
			isa = PBXSourcesBuildPhase;
			buildActionMask = 2147483647;
			files = (
				DBA02CFB29A4FFA7004E94BC /* GameView+SmallViews.swift in Sources */,
				DB5098DD29A388DA0058FCCB /* ContentManagerView.swift in Sources */,
				DB5098E929A392880058FCCB /* Extensions.swift in Sources */,
				DBA02D0029A61E42004E94BC /* Card+Size.swift in Sources */,
				DB5098F129A39F300058FCCB /* ContentManagerViewModel+Scryfall.swift in Sources */,
				DBA02CF529A4CC4A004E94BC /* GameViewModel.swift in Sources */,
				DBA02CF129A419D1004E94BC /* MainMenuView.swift in Sources */,
				DBA02CF329A41BB7004E94BC /* GameView.swift in Sources */,
				DB5098DB29A388DA0058FCCB /* PlanechaseApp.swift in Sources */,
				DB5098EC29A3940B0058FCCB /* Card.swift in Sources */,
				DB5098EF29A39D880058FCCB /* ContentManagerViewModel.swift in Sources */,
				DBA02CF729A4FDB8004E94BC /* Coord.swift in Sources */,
				DBA02CEE29A3E886004E94BC /* SaveManager.swift in Sources */,
				DBA02CEC29A3B6A2004E94BC /* DownloadManager.swift in Sources */,
				DBA02CFE29A50500004E94BC /* ZoomView.swift in Sources */,
			);
			runOnlyForDeploymentPostprocessing = 0;
		};
		DB5098F229A3A1880058FCCB /* Sources */ = {
			isa = PBXSourcesBuildPhase;
			buildActionMask = 2147483647;
			files = (
				DB5098F929A3A1880058FCCB /* PlanechaseTests.swift in Sources */,
			);
			runOnlyForDeploymentPostprocessing = 0;
		};
/* End PBXSourcesBuildPhase section */

/* Begin PBXTargetDependency section */
		DB5098FB29A3A1880058FCCB /* PBXTargetDependency */ = {
			isa = PBXTargetDependency;
			target = DB5098D629A388DA0058FCCB /* Planechase */;
			targetProxy = DB5098FA29A3A1880058FCCB /* PBXContainerItemProxy */;
		};
/* End PBXTargetDependency section */

/* Begin XCBuildConfiguration section */
		DB5098E329A388DE0058FCCB /* Debug */ = {
			isa = XCBuildConfiguration;
			buildSettings = {
				ALWAYS_SEARCH_USER_PATHS = NO;
				CLANG_ANALYZER_NONNULL = YES;
				CLANG_ANALYZER_NUMBER_OBJECT_CONVERSION = YES_AGGRESSIVE;
				CLANG_CXX_LANGUAGE_STANDARD = "gnu++20";
				CLANG_ENABLE_MODULES = YES;
				CLANG_ENABLE_OBJC_ARC = YES;
				CLANG_ENABLE_OBJC_WEAK = YES;
				CLANG_WARN_BLOCK_CAPTURE_AUTORELEASING = YES;
				CLANG_WARN_BOOL_CONVERSION = YES;
				CLANG_WARN_COMMA = YES;
				CLANG_WARN_CONSTANT_CONVERSION = YES;
				CLANG_WARN_DEPRECATED_OBJC_IMPLEMENTATIONS = YES;
				CLANG_WARN_DIRECT_OBJC_ISA_USAGE = YES_ERROR;
				CLANG_WARN_DOCUMENTATION_COMMENTS = YES;
				CLANG_WARN_EMPTY_BODY = YES;
				CLANG_WARN_ENUM_CONVERSION = YES;
				CLANG_WARN_INFINITE_RECURSION = YES;
				CLANG_WARN_INT_CONVERSION = YES;
				CLANG_WARN_NON_LITERAL_NULL_CONVERSION = YES;
				CLANG_WARN_OBJC_IMPLICIT_RETAIN_SELF = YES;
				CLANG_WARN_OBJC_LITERAL_CONVERSION = YES;
				CLANG_WARN_OBJC_ROOT_CLASS = YES_ERROR;
				CLANG_WARN_QUOTED_INCLUDE_IN_FRAMEWORK_HEADER = YES;
				CLANG_WARN_RANGE_LOOP_ANALYSIS = YES;
				CLANG_WARN_STRICT_PROTOTYPES = YES;
				CLANG_WARN_SUSPICIOUS_MOVE = YES;
				CLANG_WARN_UNGUARDED_AVAILABILITY = YES_AGGRESSIVE;
				CLANG_WARN_UNREACHABLE_CODE = YES;
				CLANG_WARN__DUPLICATE_METHOD_MATCH = YES;
				COPY_PHASE_STRIP = NO;
				DEBUG_INFORMATION_FORMAT = dwarf;
				ENABLE_STRICT_OBJC_MSGSEND = YES;
				ENABLE_TESTABILITY = YES;
				GCC_C_LANGUAGE_STANDARD = gnu11;
				GCC_DYNAMIC_NO_PIC = NO;
				GCC_NO_COMMON_BLOCKS = YES;
				GCC_OPTIMIZATION_LEVEL = 0;
				GCC_PREPROCESSOR_DEFINITIONS = (
					"DEBUG=1",
					"$(inherited)",
				);
				GCC_WARN_64_TO_32_BIT_CONVERSION = YES;
				GCC_WARN_ABOUT_RETURN_TYPE = YES_ERROR;
				GCC_WARN_UNDECLARED_SELECTOR = YES;
				GCC_WARN_UNINITIALIZED_AUTOS = YES_AGGRESSIVE;
				GCC_WARN_UNUSED_FUNCTION = YES;
				GCC_WARN_UNUSED_VARIABLE = YES;
				IPHONEOS_DEPLOYMENT_TARGET = 16.1;
				MTL_ENABLE_DEBUG_INFO = INCLUDE_SOURCE;
				MTL_FAST_MATH = YES;
				ONLY_ACTIVE_ARCH = YES;
				SDKROOT = iphoneos;
				SWIFT_ACTIVE_COMPILATION_CONDITIONS = DEBUG;
				SWIFT_OPTIMIZATION_LEVEL = "-Onone";
			};
			name = Debug;
		};
		DB5098E429A388DE0058FCCB /* Release */ = {
			isa = XCBuildConfiguration;
			buildSettings = {
				ALWAYS_SEARCH_USER_PATHS = NO;
				CLANG_ANALYZER_NONNULL = YES;
				CLANG_ANALYZER_NUMBER_OBJECT_CONVERSION = YES_AGGRESSIVE;
				CLANG_CXX_LANGUAGE_STANDARD = "gnu++20";
				CLANG_ENABLE_MODULES = YES;
				CLANG_ENABLE_OBJC_ARC = YES;
				CLANG_ENABLE_OBJC_WEAK = YES;
				CLANG_WARN_BLOCK_CAPTURE_AUTORELEASING = YES;
				CLANG_WARN_BOOL_CONVERSION = YES;
				CLANG_WARN_COMMA = YES;
				CLANG_WARN_CONSTANT_CONVERSION = YES;
				CLANG_WARN_DEPRECATED_OBJC_IMPLEMENTATIONS = YES;
				CLANG_WARN_DIRECT_OBJC_ISA_USAGE = YES_ERROR;
				CLANG_WARN_DOCUMENTATION_COMMENTS = YES;
				CLANG_WARN_EMPTY_BODY = YES;
				CLANG_WARN_ENUM_CONVERSION = YES;
				CLANG_WARN_INFINITE_RECURSION = YES;
				CLANG_WARN_INT_CONVERSION = YES;
				CLANG_WARN_NON_LITERAL_NULL_CONVERSION = YES;
				CLANG_WARN_OBJC_IMPLICIT_RETAIN_SELF = YES;
				CLANG_WARN_OBJC_LITERAL_CONVERSION = YES;
				CLANG_WARN_OBJC_ROOT_CLASS = YES_ERROR;
				CLANG_WARN_QUOTED_INCLUDE_IN_FRAMEWORK_HEADER = YES;
				CLANG_WARN_RANGE_LOOP_ANALYSIS = YES;
				CLANG_WARN_STRICT_PROTOTYPES = YES;
				CLANG_WARN_SUSPICIOUS_MOVE = YES;
				CLANG_WARN_UNGUARDED_AVAILABILITY = YES_AGGRESSIVE;
				CLANG_WARN_UNREACHABLE_CODE = YES;
				CLANG_WARN__DUPLICATE_METHOD_MATCH = YES;
				COPY_PHASE_STRIP = NO;
				DEBUG_INFORMATION_FORMAT = "dwarf-with-dsym";
				ENABLE_NS_ASSERTIONS = NO;
				ENABLE_STRICT_OBJC_MSGSEND = YES;
				GCC_C_LANGUAGE_STANDARD = gnu11;
				GCC_NO_COMMON_BLOCKS = YES;
				GCC_WARN_64_TO_32_BIT_CONVERSION = YES;
				GCC_WARN_ABOUT_RETURN_TYPE = YES_ERROR;
				GCC_WARN_UNDECLARED_SELECTOR = YES;
				GCC_WARN_UNINITIALIZED_AUTOS = YES_AGGRESSIVE;
				GCC_WARN_UNUSED_FUNCTION = YES;
				GCC_WARN_UNUSED_VARIABLE = YES;
				IPHONEOS_DEPLOYMENT_TARGET = 16.1;
				MTL_ENABLE_DEBUG_INFO = NO;
				MTL_FAST_MATH = YES;
				SDKROOT = iphoneos;
				SWIFT_COMPILATION_MODE = wholemodule;
				SWIFT_OPTIMIZATION_LEVEL = "-O";
				VALIDATE_PRODUCT = YES;
			};
			name = Release;
		};
		DB5098E629A388DE0058FCCB /* Debug */ = {
			isa = XCBuildConfiguration;
			buildSettings = {
				ASSETCATALOG_COMPILER_APPICON_NAME = AppIcon;
				ASSETCATALOG_COMPILER_GLOBAL_ACCENT_COLOR_NAME = AccentColor;
				CODE_SIGN_STYLE = Automatic;
				CURRENT_PROJECT_VERSION = 1;
				DEVELOPMENT_ASSET_PATHS = "\"Planechase/Preview Content\"";
				DEVELOPMENT_TEAM = LXUS44RH3Q;
				ENABLE_PREVIEWS = YES;
				GENERATE_INFOPLIST_FILE = YES;
				INFOPLIST_KEY_UIApplicationSceneManifest_Generation = YES;
				INFOPLIST_KEY_UIApplicationSupportsIndirectInputEvents = YES;
				INFOPLIST_KEY_UILaunchScreen_Generation = YES;
				INFOPLIST_KEY_UIRequiresFullScreen = YES;
				INFOPLIST_KEY_UIStatusBarStyle = "";
				INFOPLIST_KEY_UISupportedInterfaceOrientations = "UIInterfaceOrientationLandscapeLeft UIInterfaceOrientationLandscapeRight";
				IPHONEOS_DEPLOYMENT_TARGET = 14.0;
				LD_RUNPATH_SEARCH_PATHS = (
					"$(inherited)",
					"@executable_path/Frameworks",
				);
				MARKETING_VERSION = 1.0;
				PRODUCT_BUNDLE_IDENTIFIER = Loic.Planechase;
				PRODUCT_NAME = "$(TARGET_NAME)";
				SWIFT_EMIT_LOC_STRINGS = YES;
				SWIFT_VERSION = 5.0;
				TARGETED_DEVICE_FAMILY = "1,2";
			};
			name = Debug;
		};
		DB5098E729A388DE0058FCCB /* Release */ = {
			isa = XCBuildConfiguration;
			buildSettings = {
				ASSETCATALOG_COMPILER_APPICON_NAME = AppIcon;
				ASSETCATALOG_COMPILER_GLOBAL_ACCENT_COLOR_NAME = AccentColor;
				CODE_SIGN_STYLE = Automatic;
				CURRENT_PROJECT_VERSION = 1;
				DEVELOPMENT_ASSET_PATHS = "\"Planechase/Preview Content\"";
				DEVELOPMENT_TEAM = LXUS44RH3Q;
				ENABLE_PREVIEWS = YES;
				GENERATE_INFOPLIST_FILE = YES;
				INFOPLIST_KEY_UIApplicationSceneManifest_Generation = YES;
				INFOPLIST_KEY_UIApplicationSupportsIndirectInputEvents = YES;
				INFOPLIST_KEY_UILaunchScreen_Generation = YES;
				INFOPLIST_KEY_UIRequiresFullScreen = YES;
				INFOPLIST_KEY_UIStatusBarStyle = "";
				INFOPLIST_KEY_UISupportedInterfaceOrientations = "UIInterfaceOrientationLandscapeLeft UIInterfaceOrientationLandscapeRight";
				IPHONEOS_DEPLOYMENT_TARGET = 14.0;
				LD_RUNPATH_SEARCH_PATHS = (
					"$(inherited)",
					"@executable_path/Frameworks",
				);
				MARKETING_VERSION = 1.0;
				PRODUCT_BUNDLE_IDENTIFIER = Loic.Planechase;
				PRODUCT_NAME = "$(TARGET_NAME)";
				SWIFT_EMIT_LOC_STRINGS = YES;
				SWIFT_VERSION = 5.0;
				TARGETED_DEVICE_FAMILY = "1,2";
			};
			name = Release;
		};
		DB5098FD29A3A1880058FCCB /* Debug */ = {
			isa = XCBuildConfiguration;
			buildSettings = {
				BUNDLE_LOADER = "$(TEST_HOST)";
				CODE_SIGN_STYLE = Automatic;
				CURRENT_PROJECT_VERSION = 1;
				DEVELOPMENT_TEAM = LXUS44RH3Q;
				GENERATE_INFOPLIST_FILE = YES;
				MARKETING_VERSION = 1.0;
				PRODUCT_BUNDLE_IDENTIFIER = Loic.PlanechaseTests;
				PRODUCT_NAME = "$(TARGET_NAME)";
				SWIFT_EMIT_LOC_STRINGS = NO;
				SWIFT_VERSION = 5.0;
				TARGETED_DEVICE_FAMILY = "1,2";
				TEST_HOST = "$(BUILT_PRODUCTS_DIR)/Planechase.app/$(BUNDLE_EXECUTABLE_FOLDER_PATH)/Planechase";
			};
			name = Debug;
		};
		DB5098FE29A3A1880058FCCB /* Release */ = {
			isa = XCBuildConfiguration;
			buildSettings = {
				BUNDLE_LOADER = "$(TEST_HOST)";
				CODE_SIGN_STYLE = Automatic;
				CURRENT_PROJECT_VERSION = 1;
				DEVELOPMENT_TEAM = LXUS44RH3Q;
				GENERATE_INFOPLIST_FILE = YES;
				MARKETING_VERSION = 1.0;
				PRODUCT_BUNDLE_IDENTIFIER = Loic.PlanechaseTests;
				PRODUCT_NAME = "$(TARGET_NAME)";
				SWIFT_EMIT_LOC_STRINGS = NO;
				SWIFT_VERSION = 5.0;
				TARGETED_DEVICE_FAMILY = "1,2";
				TEST_HOST = "$(BUILT_PRODUCTS_DIR)/Planechase.app/$(BUNDLE_EXECUTABLE_FOLDER_PATH)/Planechase";
			};
			name = Release;
		};
/* End XCBuildConfiguration section */

/* Begin XCConfigurationList section */
		DB5098D229A388DA0058FCCB /* Build configuration list for PBXProject "Planechase" */ = {
			isa = XCConfigurationList;
			buildConfigurations = (
				DB5098E329A388DE0058FCCB /* Debug */,
				DB5098E429A388DE0058FCCB /* Release */,
			);
			defaultConfigurationIsVisible = 0;
			defaultConfigurationName = Release;
		};
		DB5098E529A388DE0058FCCB /* Build configuration list for PBXNativeTarget "Planechase" */ = {
			isa = XCConfigurationList;
			buildConfigurations = (
				DB5098E629A388DE0058FCCB /* Debug */,
				DB5098E729A388DE0058FCCB /* Release */,
			);
			defaultConfigurationIsVisible = 0;
			defaultConfigurationName = Release;
		};
		DB5098FC29A3A1880058FCCB /* Build configuration list for PBXNativeTarget "PlanechaseTests" */ = {
			isa = XCConfigurationList;
			buildConfigurations = (
				DB5098FD29A3A1880058FCCB /* Debug */,
				DB5098FE29A3A1880058FCCB /* Release */,
			);
			defaultConfigurationIsVisible = 0;
			defaultConfigurationName = Release;
		};
/* End XCConfigurationList section */
	};
	rootObject = DB5098CF29A388DA0058FCCB /* Project object */;
}
